
Microsoft Visual Studio Solution File, Format Version 12.00
# Visual Studio Version 17
VisualStudioVersion = 17.1.32210.238
MinimumVisualStudioVersion = 10.0.40219.1
Project("{2150E333-8FDC-42A3-9474-1A3956D46DE8}") = "Refrences", "Refrences", "{0C9BA8F4-0F06-4659-B550-A9C01A85E172}"
	ProjectSection(SolutionItems) = preProject
		Refrences\0Harmony.dll = Refrences\0Harmony.dll
		Refrences\Accessibility.dll = Refrences\Accessibility.dll
		Refrences\Assembly-CSharp-firstpass.dll = Refrences\Assembly-CSharp-firstpass.dll
		Refrences\Assembly-CSharp.dll = Refrences\Assembly-CSharp.dll
		Refrences\CurvedTextMeshPro.dll = Refrences\CurvedTextMeshPro.dll
		Refrences\DelaunayER.dll = Refrences\DelaunayER.dll
		Refrences\EasyAntiCheat.Client.dll = Refrences\EasyAntiCheat.Client.dll
		Refrences\EasyAntiCheat.Server.dll = Refrences\EasyAntiCheat.Server.dll
		Refrences\EasyRoads3Dv3.dll = Refrences\EasyRoads3Dv3.dll
		Refrences\EZhex1991.EZSoftBone.dll = Refrences\EZhex1991.EZSoftBone.dll
		Refrences\Facepunch.BurstCloth.dll = Refrences\Facepunch.BurstCloth.dll
		Refrences\Facepunch.Console.dll = Refrences\Facepunch.Console.dll
		Refrences\Facepunch.GoogleSheets.dll = Refrences\Facepunch.GoogleSheets.dll
		Refrences\Facepunch.Input.dll = Refrences\Facepunch.Input.dll
		Refrences\Facepunch.Network.dll = Refrences\Facepunch.Network.dll
		Refrences\Facepunch.Raknet.dll = Refrences\Facepunch.Raknet.dll
		Refrences\Facepunch.Rcon.dll = Refrences\Facepunch.Rcon.dll
		Refrences\Facepunch.Skeleton.dll = Refrences\Facepunch.Skeleton.dll
		Refrences\Facepunch.Sqlite.dll = Refrences\Facepunch.Sqlite.dll
		Refrences\Facepunch.SteamNetworking.dll = Refrences\Facepunch.SteamNetworking.dll
		Refrences\Facepunch.Steamworks.Win64.dll = Refrences\Facepunch.Steamworks.Win64.dll
		Refrences\Facepunch.System.dll = Refrences\Facepunch.System.dll
		Refrences\Facepunch.Unity.dll = Refrences\Facepunch.Unity.dll
		Refrences\Facepunch.UnityEngine.dll = Refrences\Facepunch.UnityEngine.dll
		Refrences\Fleck.dll = Refrences\Fleck.dll
		Refrences\GA.dll = Refrences\GA.dll
		Refrences\I18N.CJK.dll = Refrences\I18N.CJK.dll
		Refrences\I18N.dll = Refrences\I18N.dll
		Refrences\I18N.MidEast.dll = Refrences\I18N.MidEast.dll
		Refrences\I18N.Other.dll = Refrences\I18N.Other.dll
		Refrences\I18N.Rare.dll = Refrences\I18N.Rare.dll
		Refrences\I18N.West.dll = Refrences\I18N.West.dll
		Refrences\Ionic.Zip.Reduced.dll = Refrences\Ionic.Zip.Reduced.dll
		Refrences\LZ4.dll = Refrences\LZ4.dll
		Refrences\LZ4pn.dll = Refrences\LZ4pn.dll
		Refrences\Melanchall.DryWetMidi.dll = Refrences\Melanchall.DryWetMidi.dll
		Refrences\MidiJack.dll = Refrences\MidiJack.dll
		Refrences\Mono.Data.Sqlite.dll = Refrences\Mono.Data.Sqlite.dll
		Refrences\Mono.Data.Tds.dll = Refrences\Mono.Data.Tds.dll
		Refrences\Mono.Posix.dll = Refrences\Mono.Posix.dll
		Refrences\Mono.Security.dll = Refrences\Mono.Security.dll
		Refrences\Mono.WebBrowser.dll = Refrences\Mono.WebBrowser.dll
		Refrences\MP3Sharp.dll = Refrences\MP3Sharp.dll
		Refrences\mscorlib.dll = Refrences\mscorlib.dll
		Refrences\MySql.Data.dll = Refrences\MySql.Data.dll
		Refrences\netstandard.dll = Refrences\netstandard.dll
		Refrences\NewAssembly.dll = Refrences\NewAssembly.dll
		Refrences\Newtonsoft.Json.dll = Refrences\Newtonsoft.Json.dll
		Refrences\Novell.Directory.Ldap.dll = Refrences\Novell.Directory.Ldap.dll
		Refrences\Oxide.Core.dll = Refrences\Oxide.Core.dll
		Refrences\Oxide.CSharp.dll = Refrences\Oxide.CSharp.dll
		Refrences\Oxide.MySql.dll = Refrences\Oxide.MySql.dll
		Refrences\Oxide.References.dll = Refrences\Oxide.References.dll
		Refrences\Oxide.Rust.dll = Refrences\Oxide.Rust.dll
		Refrences\Oxide.SQLite.dll = Refrences\Oxide.SQLite.dll
		Refrences\Oxide.Unity.dll = Refrences\Oxide.Unity.dll
		Refrences\Rust.Data.dll = Refrences\Rust.Data.dll
		Refrences\Rust.Demo.dll = Refrences\Rust.Demo.dll
		Refrences\Rust.Global.dll = Refrences\Rust.Global.dll
		Refrences\Rust.Harmony.dll = Refrences\Rust.Harmony.dll
		Refrences\Rust.Localization.dll = Refrences\Rust.Localization.dll
		Refrences\Rust.Platform.Common.dll = Refrences\Rust.Platform.Common.dll
		Refrences\Rust.Platform.dll = Refrences\Rust.Platform.dll
		Refrences\Rust.Platform.Steam.dll = Refrences\Rust.Platform.Steam.dll
		Refrences\Rust.UI.dll = Refrences\Rust.UI.dll
		Refrences\Rust.Workshop.dll = Refrences\Rust.Workshop.dll
		Refrences\Rust.World.dll = Refrences\Rust.World.dll
		Refrences\System.Buffers.dll = Refrences\System.Buffers.dll
		Refrences\System.ComponentModel.Composition.dll = Refrences\System.ComponentModel.Composition.dll
		Refrences\System.ComponentModel.DataAnnotations.dll = Refrences\System.ComponentModel.DataAnnotations.dll
		Refrences\System.Configuration.dll = Refrences\System.Configuration.dll
		Refrences\System.Configuration.Install.dll = Refrences\System.Configuration.Install.dll
		Refrences\System.Core.dll = Refrences\System.Core.dll
		Refrences\System.Data.dll = Refrences\System.Data.dll
		Refrences\System.Data.SQLite.dll = Refrences\System.Data.SQLite.dll
		Refrences\System.Design.dll = Refrences\System.Design.dll
		Refrences\System.Diagnostics.StackTrace.dll = Refrences\System.Diagnostics.StackTrace.dll
		Refrences\System.DirectoryServices.dll = Refrences\System.DirectoryServices.dll
		Refrences\System.dll = Refrences\System.dll
		Refrences\System.Drawing.Design.dll = Refrences\System.Drawing.Design.dll
		Refrences\System.Drawing.dll = Refrences\System.Drawing.dll
		Refrences\System.EnterpriseServices.dll = Refrences\System.EnterpriseServices.dll
		Refrences\System.Globalization.Extensions.dll = Refrences\System.Globalization.Extensions.dll
		Refrences\System.IO.Compression.dll = Refrences\System.IO.Compression.dll
		Refrences\System.IO.Compression.FileSystem.dll = Refrences\System.IO.Compression.FileSystem.dll
		Refrences\System.Memory.dll = Refrences\System.Memory.dll
		Refrences\System.Net.Http.dll = Refrences\System.Net.Http.dll
		Refrences\System.Numerics.dll = Refrences\System.Numerics.dll
		Refrences\System.Numerics.Vectors.dll = Refrences\System.Numerics.Vectors.dll
		Refrences\System.Runtime.CompilerServices.Unsafe.dll = Refrences\System.Runtime.CompilerServices.Unsafe.dll
		Refrences\System.Runtime.dll = Refrences\System.Runtime.dll
		Refrences\System.Runtime.Serialization.dll = Refrences\System.Runtime.Serialization.dll
		Refrences\System.Runtime.Serialization.Formatters.Soap.dll = Refrences\System.Runtime.Serialization.Formatters.Soap.dll
		Refrences\System.Runtime.Serialization.Xml.dll = Refrences\System.Runtime.Serialization.Xml.dll
		Refrences\System.Security.dll = Refrences\System.Security.dll
		Refrences\System.ServiceModel.Internals.dll = Refrences\System.ServiceModel.Internals.dll
		Refrences\System.Threading.Tasks.Extensions.dll = Refrences\System.Threading.Tasks.Extensions.dll
		Refrences\System.Transactions.dll = Refrences\System.Transactions.dll
		Refrences\System.Web.ApplicationServices.dll = Refrences\System.Web.ApplicationServices.dll
		Refrences\System.Web.dll = Refrences\System.Web.dll
		Refrences\System.Web.Services.dll = Refrences\System.Web.Services.dll
		Refrences\System.Windows.Forms.dll = Refrences\System.Windows.Forms.dll
		Refrences\System.Xml.dll = Refrences\System.Xml.dll
		Refrences\System.Xml.Linq.dll = Refrences\System.Xml.Linq.dll
		Refrences\System.Xml.XPath.XDocument.dll = Refrences\System.Xml.XPath.XDocument.dll
		Refrences\TestPluginDll.dll = Refrences\TestPluginDll.dll
		Refrences\Unity.Burst.dll = Refrences\Unity.Burst.dll
		Refrences\Unity.Burst.Unsafe.dll = Refrences\Unity.Burst.Unsafe.dll
		Refrences\Unity.Mathematics.dll = Refrences\Unity.Mathematics.dll
		Refrences\Unity.TerrainTools.dll = Refrences\Unity.TerrainTools.dll
		Refrences\Unity.TextMeshPro.dll = Refrences\Unity.TextMeshPro.dll
		Refrences\UnityEngine.AccessibilityModule.dll = Refrences\UnityEngine.AccessibilityModule.dll
		Refrences\UnityEngine.AIModule.dll = Refrences\UnityEngine.AIModule.dll
		Refrences\UnityEngine.AndroidJNIModule.dll = Refrences\UnityEngine.AndroidJNIModule.dll
		Refrences\UnityEngine.AnimationModule.dll = Refrences\UnityEngine.AnimationModule.dll
		Refrences\UnityEngine.ARModule.dll = Refrences\UnityEngine.ARModule.dll
		Refrences\UnityEngine.AssetBundleModule.dll = Refrences\UnityEngine.AssetBundleModule.dll
		Refrences\UnityEngine.AudioModule.dll = Refrences\UnityEngine.AudioModule.dll
		Refrences\UnityEngine.ClothModule.dll = Refrences\UnityEngine.ClothModule.dll
		Refrences\UnityEngine.ClusterInputModule.dll = Refrences\UnityEngine.ClusterInputModule.dll
		Refrences\UnityEngine.ClusterRendererModule.dll = Refrences\UnityEngine.ClusterRendererModule.dll
		Refrences\UnityEngine.CoreModule.dll = Refrences\UnityEngine.CoreModule.dll
		Refrences\UnityEngine.CrashReportingModule.dll = Refrences\UnityEngine.CrashReportingModule.dll
		Refrences\UnityEngine.DirectorModule.dll = Refrences\UnityEngine.DirectorModule.dll
		Refrences\UnityEngine.dll = Refrences\UnityEngine.dll
		Refrences\UnityEngine.DSPGraphModule.dll = Refrences\UnityEngine.DSPGraphModule.dll
		Refrences\UnityEngine.GameCenterModule.dll = Refrences\UnityEngine.GameCenterModule.dll
		Refrences\UnityEngine.GridModule.dll = Refrences\UnityEngine.GridModule.dll
		Refrences\UnityEngine.HotReloadModule.dll = Refrences\UnityEngine.HotReloadModule.dll
		Refrences\UnityEngine.ImageConversionModule.dll = Refrences\UnityEngine.ImageConversionModule.dll
		Refrences\UnityEngine.IMGUIModule.dll = Refrences\UnityEngine.IMGUIModule.dll
		Refrences\UnityEngine.InputLegacyModule.dll = Refrences\UnityEngine.InputLegacyModule.dll
		Refrences\UnityEngine.InputModule.dll = Refrences\UnityEngine.InputModule.dll
		Refrences\UnityEngine.JSONSerializeModule.dll = Refrences\UnityEngine.JSONSerializeModule.dll
		Refrences\UnityEngine.LocalizationModule.dll = Refrences\UnityEngine.LocalizationModule.dll
		Refrences\UnityEngine.ParticleSystemModule.dll = Refrences\UnityEngine.ParticleSystemModule.dll
		Refrences\UnityEngine.PerformanceReportingModule.dll = Refrences\UnityEngine.PerformanceReportingModule.dll
		Refrences\UnityEngine.Physics2DModule.dll = Refrences\UnityEngine.Physics2DModule.dll
		Refrences\UnityEngine.PhysicsModule.dll = Refrences\UnityEngine.PhysicsModule.dll
		Refrences\UnityEngine.ProfilerModule.dll = Refrences\UnityEngine.ProfilerModule.dll
		Refrences\UnityEngine.ScreenCaptureModule.dll = Refrences\UnityEngine.ScreenCaptureModule.dll
		Refrences\UnityEngine.SharedInternalsModule.dll = Refrences\UnityEngine.SharedInternalsModule.dll
		Refrences\UnityEngine.SpriteMaskModule.dll = Refrences\UnityEngine.SpriteMaskModule.dll
		Refrences\UnityEngine.SpriteShapeModule.dll = Refrences\UnityEngine.SpriteShapeModule.dll
		Refrences\UnityEngine.StreamingModule.dll = Refrences\UnityEngine.StreamingModule.dll
		Refrences\UnityEngine.SubstanceModule.dll = Refrences\UnityEngine.SubstanceModule.dll
		Refrences\UnityEngine.SubsystemsModule.dll = Refrences\UnityEngine.SubsystemsModule.dll
		Refrences\UnityEngine.TerrainModule.dll = Refrences\UnityEngine.TerrainModule.dll
		Refrences\UnityEngine.TerrainPhysicsModule.dll = Refrences\UnityEngine.TerrainPhysicsModule.dll
		Refrences\UnityEngine.TextCoreModule.dll = Refrences\UnityEngine.TextCoreModule.dll
		Refrences\UnityEngine.TextRenderingModule.dll = Refrences\UnityEngine.TextRenderingModule.dll
		Refrences\UnityEngine.TilemapModule.dll = Refrences\UnityEngine.TilemapModule.dll
		Refrences\UnityEngine.TLSModule.dll = Refrences\UnityEngine.TLSModule.dll
		Refrences\UnityEngine.UI.dll = Refrences\UnityEngine.UI.dll
		Refrences\UnityEngine.UIElementsModule.dll = Refrences\UnityEngine.UIElementsModule.dll
		Refrences\UnityEngine.UIModule.dll = Refrences\UnityEngine.UIModule.dll
		Refrences\UnityEngine.UmbraModule.dll = Refrences\UnityEngine.UmbraModule.dll
		Refrences\UnityEngine.UNETModule.dll = Refrences\UnityEngine.UNETModule.dll
		Refrences\UnityEngine.UnityAnalyticsModule.dll = Refrences\UnityEngine.UnityAnalyticsModule.dll
		Refrences\UnityEngine.UnityConnectModule.dll = Refrences\UnityEngine.UnityConnectModule.dll
		Refrences\UnityEngine.UnityTestProtocolModule.dll = Refrences\UnityEngine.UnityTestProtocolModule.dll
		Refrences\UnityEngine.UnityWebRequestAssetBundleModule.dll = Refrences\UnityEngine.UnityWebRequestAssetBundleModule.dll
		Refrences\UnityEngine.UnityWebRequestAudioModule.dll = Refrences\UnityEngine.UnityWebRequestAudioModule.dll
		Refrences\UnityEngine.UnityWebRequestModule.dll = Refrences\UnityEngine.UnityWebRequestModule.dll
		Refrences\UnityEngine.UnityWebRequestTextureModule.dll = Refrences\UnityEngine.UnityWebRequestTextureModule.dll
		Refrences\UnityEngine.UnityWebRequestWWWModule.dll = Refrences\UnityEngine.UnityWebRequestWWWModule.dll
		Refrences\UnityEngine.VehiclesModule.dll = Refrences\UnityEngine.VehiclesModule.dll
		Refrences\UnityEngine.VFXModule.dll = Refrences\UnityEngine.VFXModule.dll
		Refrences\UnityEngine.VideoModule.dll = Refrences\UnityEngine.VideoModule.dll
		Refrences\UnityEngine.VRModule.dll = Refrences\UnityEngine.VRModule.dll
		Refrences\UnityEngine.WindModule.dll = Refrences\UnityEngine.WindModule.dll
		Refrences\UnityEngine.XRModule.dll = Refrences\UnityEngine.XRModule.dll
		WishInfrastructure\bin\Debug\WishInfrastructure.dll = WishInfrastructure\bin\Debug\WishInfrastructure.dll
	EndProjectSection
EndProject
Project("{FAE04EC0-301F-11D3-BF4B-00C04F79EFBC}") = "WishStatistics", "WishStatistics\WishStatistics.csproj", "{1B8E816C-2C15-4956-AE2A-AE4B213AA0AA}"
EndProject
Project("{FAE04EC0-301F-11D3-BF4B-00C04F79EFBC}") = "MergedPlugins", "MergedPlugins\MergedPlugins.csproj", "{64E15EB0-E81B-43C4-B394-E117212B94D8}"
EndProject
Project("{2150E333-8FDC-42A3-9474-1A3956D46DE8}") = "Solution Items", "Solution Items", "{CC960A11-249D-4FD7-BB42-0E24F3FD0272}"
	ProjectSection(SolutionItems) = preProject
		TipsAndTricks.txt = TipsAndTricks.txt
	EndProjectSection
EndProject
Project("{FAE04EC0-301F-11D3-BF4B-00C04F79EFBC}") = "WishInfrastructure", "WishInfrastructure\WishInfrastructure.csproj", "{F7225D2D-FE34-48B4-AA8D-3E9BFC5140B1}"
EndProject
Project("{FAE04EC0-301F-11D3-BF4B-00C04F79EFBC}") = "DatabaseUsageTemplate", "DatabaseUsageTemplate\DatabaseUsageTemplate.csproj", "{C7D44FEB-E3B6-4429-91C3-2F81DCD96045}"
EndProject
Project("{FAE04EC0-301F-11D3-BF4B-00C04F79EFBC}") = "WishLeaderboards", "WishLeaderboards\WishLeaderboards.csproj", "{70443944-7684-4C16-B075-668F23441E87}"
EndProject
Project("{FAE04EC0-301F-11D3-BF4B-00C04F79EFBC}") = "WishRaidBlock", "WishRaidBlock\WishRaidBlock.csproj", "{8A4FFEF2-4E38-40AD-9E6F-19FAE96EA9D7}"
EndProject
Project("{FAE04EC0-301F-11D3-BF4B-00C04F79EFBC}") = "WishTeams", "WishTeams\WishTeams.csproj", "{EAA38C90-819F-435E-9FE6-EA8117C78C02}"
EndProject
Global
	GlobalSection(SolutionConfigurationPlatforms) = preSolution
		Debug|Any CPU = Debug|Any CPU
		Release|Any CPU = Release|Any CPU
	EndGlobalSection
	GlobalSection(ProjectConfigurationPlatforms) = postSolution
		{1B8E816C-2C15-4956-AE2A-AE4B213AA0AA}.Debug|Any CPU.ActiveCfg = Debug|Any CPU
		{1B8E816C-2C15-4956-AE2A-AE4B213AA0AA}.Debug|Any CPU.Build.0 = Debug|Any CPU
		{1B8E816C-2C15-4956-AE2A-AE4B213AA0AA}.Release|Any CPU.ActiveCfg = Release|Any CPU
		{1B8E816C-2C15-4956-AE2A-AE4B213AA0AA}.Release|Any CPU.Build.0 = Release|Any CPU
		{64E15EB0-E81B-43C4-B394-E117212B94D8}.Debug|Any CPU.ActiveCfg = Debug|Any CPU
		{64E15EB0-E81B-43C4-B394-E117212B94D8}.Debug|Any CPU.Build.0 = Debug|Any CPU
		{64E15EB0-E81B-43C4-B394-E117212B94D8}.Release|Any CPU.ActiveCfg = Release|Any CPU
		{64E15EB0-E81B-43C4-B394-E117212B94D8}.Release|Any CPU.Build.0 = Release|Any CPU
		{F7225D2D-FE34-48B4-AA8D-3E9BFC5140B1}.Debug|Any CPU.ActiveCfg = Debug|Any CPU
		{F7225D2D-FE34-48B4-AA8D-3E9BFC5140B1}.Debug|Any CPU.Build.0 = Debug|Any CPU
		{F7225D2D-FE34-48B4-AA8D-3E9BFC5140B1}.Release|Any CPU.ActiveCfg = Release|Any CPU
		{F7225D2D-FE34-48B4-AA8D-3E9BFC5140B1}.Release|Any CPU.Build.0 = Release|Any CPU
		{C7D44FEB-E3B6-4429-91C3-2F81DCD96045}.Debug|Any CPU.ActiveCfg = Debug|Any CPU
		{C7D44FEB-E3B6-4429-91C3-2F81DCD96045}.Debug|Any CPU.Build.0 = Debug|Any CPU
		{C7D44FEB-E3B6-4429-91C3-2F81DCD96045}.Release|Any CPU.ActiveCfg = Release|Any CPU
		{C7D44FEB-E3B6-4429-91C3-2F81DCD96045}.Release|Any CPU.Build.0 = Release|Any CPU
		{70443944-7684-4C16-B075-668F23441E87}.Debug|Any CPU.ActiveCfg = Debug|Any CPU
		{70443944-7684-4C16-B075-668F23441E87}.Debug|Any CPU.Build.0 = Debug|Any CPU
		{70443944-7684-4C16-B075-668F23441E87}.Release|Any CPU.ActiveCfg = Release|Any CPU
		{70443944-7684-4C16-B075-668F23441E87}.Release|Any CPU.Build.0 = Release|Any CPU
		{8A4FFEF2-4E38-40AD-9E6F-19FAE96EA9D7}.Debug|Any CPU.ActiveCfg = Debug|Any CPU
		{8A4FFEF2-4E38-40AD-9E6F-19FAE96EA9D7}.Debug|Any CPU.Build.0 = Debug|Any CPU
		{8A4FFEF2-4E38-40AD-9E6F-19FAE96EA9D7}.Release|Any CPU.ActiveCfg = Release|Any CPU
		{8A4FFEF2-4E38-40AD-9E6F-19FAE96EA9D7}.Release|Any CPU.Build.0 = Release|Any CPU
		{EAA38C90-819F-435E-9FE6-EA8117C78C02}.Debug|Any CPU.ActiveCfg = Debug|Any CPU
		{EAA38C90-819F-435E-9FE6-EA8117C78C02}.Debug|Any CPU.Build.0 = Debug|Any CPU
		{EAA38C90-819F-435E-9FE6-EA8117C78C02}.Release|Any CPU.ActiveCfg = Release|Any CPU
		{EAA38C90-819F-435E-9FE6-EA8117C78C02}.Release|Any CPU.Build.0 = Release|Any CPU
	EndGlobalSection
	GlobalSection(SolutionProperties) = preSolution
		HideSolutionNode = FALSE
	EndGlobalSection
	GlobalSection(ExtensibilityGlobals) = postSolution
		SolutionGuid = {38DBB9A8-7E00-4F2E-AB25-886BCA3FC2F8}
	EndGlobalSection
EndGlobal
